
Microsoft Visual Studio Solution File, Format Version 12.00
# Visual Studio 2013
VisualStudioVersion = 12.0.21005.1
MinimumVisualStudioVersion = 10.0.40219.1
Project("{8BC9CEB8-8B4A-11D0-8D11-00A0C91BC942}") = "Kiselov_HW_STL_stack_to_vector", "Kiselov_HW_STL_stack_to_vector\Kiselov_HW_STL_stack_to_vector.vcxproj", "{576E1267-7D88-4BDB-82B5-217CE39972E4}"
EndProject
Global
	GlobalSection(SolutionConfigurationPlatforms) = preSolution
		Debug|Win32 = Debug|Win32
		Release|Win32 = Release|Win32
	EndGlobalSection
	GlobalSection(ProjectConfigurationPlatforms) = postSolution
		{576E1267-7D88-4BDB-82B5-217CE39972E4}.Debug|Win32.ActiveCfg = Debug|Win32
		{576E1267-7D88-4BDB-82B5-217CE39972E4}.Debug|Win32.Build.0 = Debug|Win32
		{576E1267-7D88-4BDB-82B5-217CE39972E4}.Release|Win32.ActiveCfg = Release|Win32
		{576E1267-7D88-4BDB-82B5-217CE39972E4}.Release|Win32.Build.0 = Release|Win32
	EndGlobalSection
	GlobalSection(SolutionProperties) = preSolution
		HideSolutionNode = FALSE
	EndGlobalSection
EndGlobal
